
Microsoft Visual Studio Solution File, Format Version 12.00
# Visual Studio Version 17
VisualStudioVersion = 17.0.31903.59
MinimumVisualStudioVersion = 10.0.40219.1
Project("{FAE04EC0-301F-11D3-BF4B-00C04F79EFBC}") = "API", "API\API.csproj", "{DE35A431-F3F4-4204-819B-F8CAF72CF654}"
EndProject
Project("{FAE04EC0-301F-11D3-BF4B-00C04F79EFBC}") = "Application", "Application\Application.csproj", "{1215BCAB-5A69-4C70-83EC-7BEA8A894D66}"
EndProject
Project("{FAE04EC0-301F-11D3-BF4B-00C04F79EFBC}") = "Domain", "Domain\Domain.csproj", "{CC6B398A-E4A7-4ADF-91A8-D7BEB28CDD1C}"
EndProject
Project("{FAE04EC0-301F-11D3-BF4B-00C04F79EFBC}") = "Infrastructure", "Infrastructure\Infrastructure.csproj", "{425FE531-3AEE-4B1E-AE06-EF954629E4C5}"
EndProject
Project("{FAE04EC0-301F-11D3-BF4B-00C04F79EFBC}") = "Tests", "Tests\Tests.csproj", "{856E07F9-FAB0-494F-97CC-BE66D5215DDA}"
EndProject
Global
	GlobalSection(SolutionConfigurationPlatforms) = preSolution
		Debug|Any CPU = Debug|Any CPU
		Debug|x64 = Debug|x64
		Debug|x86 = Debug|x86
		Release|Any CPU = Release|Any CPU
		Release|x64 = Release|x64
		Release|x86 = Release|x86
	EndGlobalSection
	GlobalSection(ProjectConfigurationPlatforms) = postSolution
		{DE35A431-F3F4-4204-819B-F8CAF72CF654}.Debug|Any CPU.ActiveCfg = Debug|Any CPU
		{DE35A431-F3F4-4204-819B-F8CAF72CF654}.Debug|Any CPU.Build.0 = Debug|Any CPU
		{DE35A431-F3F4-4204-819B-F8CAF72CF654}.Debug|x64.ActiveCfg = Debug|Any CPU
		{DE35A431-F3F4-4204-819B-F8CAF72CF654}.Debug|x64.Build.0 = Debug|Any CPU
		{DE35A431-F3F4-4204-819B-F8CAF72CF654}.Debug|x86.ActiveCfg = Debug|Any CPU
		{DE35A431-F3F4-4204-819B-F8CAF72CF654}.Debug|x86.Build.0 = Debug|Any CPU
		{DE35A431-F3F4-4204-819B-F8CAF72CF654}.Release|Any CPU.ActiveCfg = Release|Any CPU
		{DE35A431-F3F4-4204-819B-F8CAF72CF654}.Release|Any CPU.Build.0 = Release|Any CPU
		{DE35A431-F3F4-4204-819B-F8CAF72CF654}.Release|x64.ActiveCfg = Release|Any CPU
		{DE35A431-F3F4-4204-819B-F8CAF72CF654}.Release|x64.Build.0 = Release|Any CPU
		{DE35A431-F3F4-4204-819B-F8CAF72CF654}.Release|x86.ActiveCfg = Release|Any CPU
		{DE35A431-F3F4-4204-819B-F8CAF72CF654}.Release|x86.Build.0 = Release|Any CPU
		{1215BCAB-5A69-4C70-83EC-7BEA8A894D66}.Debug|Any CPU.ActiveCfg = Debug|Any CPU
		{1215BCAB-5A69-4C70-83EC-7BEA8A894D66}.Debug|Any CPU.Build.0 = Debug|Any CPU
		{1215BCAB-5A69-4C70-83EC-7BEA8A894D66}.Debug|x64.ActiveCfg = Debug|Any CPU
		{1215BCAB-5A69-4C70-83EC-7BEA8A894D66}.Debug|x64.Build.0 = Debug|Any CPU
		{1215BCAB-5A69-4C70-83EC-7BEA8A894D66}.Debug|x86.ActiveCfg = Debug|Any CPU
		{1215BCAB-5A69-4C70-83EC-7BEA8A894D66}.Debug|x86.Build.0 = Debug|Any CPU
		{1215BCAB-5A69-4C70-83EC-7BEA8A894D66}.Release|Any CPU.ActiveCfg = Release|Any CPU
		{1215BCAB-5A69-4C70-83EC-7BEA8A894D66}.Release|Any CPU.Build.0 = Release|Any CPU
		{1215BCAB-5A69-4C70-83EC-7BEA8A894D66}.Release|x64.ActiveCfg = Release|Any CPU
		{1215BCAB-5A69-4C70-83EC-7BEA8A894D66}.Release|x64.Build.0 = Release|Any CPU
		{1215BCAB-5A69-4C70-83EC-7BEA8A894D66}.Release|x86.ActiveCfg = Release|Any CPU
		{1215BCAB-5A69-4C70-83EC-7BEA8A894D66}.Release|x86.Build.0 = Release|Any CPU
		{CC6B398A-E4A7-4ADF-91A8-D7BEB28CDD1C}.Debug|Any CPU.ActiveCfg = Debug|Any CPU
		{CC6B398A-E4A7-4ADF-91A8-D7BEB28CDD1C}.Debug|Any CPU.Build.0 = Debug|Any CPU
		{CC6B398A-E4A7-4ADF-91A8-D7BEB28CDD1C}.Debug|x64.ActiveCfg = Debug|Any CPU
		{CC6B398A-E4A7-4ADF-91A8-D7BEB28CDD1C}.Debug|x64.Build.0 = Debug|Any CPU
		{CC6B398A-E4A7-4ADF-91A8-D7BEB28CDD1C}.Debug|x86.ActiveCfg = Debug|Any CPU
		{CC6B398A-E4A7-4ADF-91A8-D7BEB28CDD1C}.Debug|x86.Build.0 = Debug|Any CPU
		{CC6B398A-E4A7-4ADF-91A8-D7BEB28CDD1C}.Release|Any CPU.ActiveCfg = Release|Any CPU
		{CC6B398A-E4A7-4ADF-91A8-D7BEB28CDD1C}.Release|Any CPU.Build.0 = Release|Any CPU
		{CC6B398A-E4A7-4ADF-91A8-D7BEB28CDD1C}.Release|x64.ActiveCfg = Release|Any CPU
		{CC6B398A-E4A7-4ADF-91A8-D7BEB28CDD1C}.Release|x64.Build.0 = Release|Any CPU
		{CC6B398A-E4A7-4ADF-91A8-D7BEB28CDD1C}.Release|x86.ActiveCfg = Release|Any CPU
		{CC6B398A-E4A7-4ADF-91A8-D7BEB28CDD1C}.Release|x86.Build.0 = Release|Any CPU
		{425FE531-3AEE-4B1E-AE06-EF954629E4C5}.Debug|Any CPU.ActiveCfg = Debug|Any CPU
		{425FE531-3AEE-4B1E-AE06-EF954629E4C5}.Debug|Any CPU.Build.0 = Debug|Any CPU
		{425FE531-3AEE-4B1E-AE06-EF954629E4C5}.Debug|x64.ActiveCfg = Debug|Any CPU
		{425FE531-3AEE-4B1E-AE06-EF954629E4C5}.Debug|x64.Build.0 = Debug|Any CPU
		{425FE531-3AEE-4B1E-AE06-EF954629E4C5}.Debug|x86.ActiveCfg = Debug|Any CPU
		{425FE531-3AEE-4B1E-AE06-EF954629E4C5}.Debug|x86.Build.0 = Debug|Any CPU
		{425FE531-3AEE-4B1E-AE06-EF954629E4C5}.Release|Any CPU.ActiveCfg = Release|Any CPU
		{425FE531-3AEE-4B1E-AE06-EF954629E4C5}.Release|Any CPU.Build.0 = Release|Any CPU
		{425FE531-3AEE-4B1E-AE06-EF954629E4C5}.Release|x64.ActiveCfg = Release|Any CPU
		{425FE531-3AEE-4B1E-AE06-EF954629E4C5}.Release|x64.Build.0 = Release|Any CPU
		{425FE531-3AEE-4B1E-AE06-EF954629E4C5}.Release|x86.ActiveCfg = Release|Any CPU
		{425FE531-3AEE-4B1E-AE06-EF954629E4C5}.Release|x86.Build.0 = Release|Any CPU
		{856E07F9-FAB0-494F-97CC-BE66D5215DDA}.Debug|Any CPU.ActiveCfg = Debug|Any CPU
		{856E07F9-FAB0-494F-97CC-BE66D5215DDA}.Debug|Any CPU.Build.0 = Debug|Any CPU
		{856E07F9-FAB0-494F-97CC-BE66D5215DDA}.Debug|x64.ActiveCfg = Debug|Any CPU
		{856E07F9-FAB0-494F-97CC-BE66D5215DDA}.Debug|x64.Build.0 = Debug|Any CPU
		{856E07F9-FAB0-494F-97CC-BE66D5215DDA}.Debug|x86.ActiveCfg = Debug|Any CPU
		{856E07F9-FAB0-494F-97CC-BE66D5215DDA}.Debug|x86.Build.0 = Debug|Any CPU
		{856E07F9-FAB0-494F-97CC-BE66D5215DDA}.Release|Any CPU.ActiveCfg = Release|Any CPU
		{856E07F9-FAB0-494F-97CC-BE66D5215DDA}.Release|Any CPU.Build.0 = Release|Any CPU
		{856E07F9-FAB0-494F-97CC-BE66D5215DDA}.Release|x64.ActiveCfg = Release|Any CPU
		{856E07F9-FAB0-494F-97CC-BE66D5215DDA}.Release|x64.Build.0 = Release|Any CPU
		{856E07F9-FAB0-494F-97CC-BE66D5215DDA}.Release|x86.ActiveCfg = Release|Any CPU
		{856E07F9-FAB0-494F-97CC-BE66D5215DDA}.Release|x86.Build.0 = Release|Any CPU
	EndGlobalSection
	GlobalSection(SolutionProperties) = preSolution
		HideSolutionNode = FALSE
	EndGlobalSection
EndGlobal
